
Microsoft Visual Studio Solution File, Format Version 12.00
# Visual Studio Version 17
VisualStudioVersion = 17.12.35728.132 d17.12
MinimumVisualStudioVersion = 10.0.40219.1
Project("{FAE04EC0-301F-11D3-BF4B-00C04F79EFBC}") = "N7__YP__Task-8_07.04.2025", "N7__YP__Task-8_07.04.2025.csproj", "{CD79BDE0-8FEF-4AF8-B754-1FA7A3CB8FCF}"
EndProject
Global
	GlobalSection(SolutionConfigurationPlatforms) = preSolution
		Debug|Any CPU = Debug|Any CPU
		Release|Any CPU = Release|Any CPU
	EndGlobalSection
	GlobalSection(ProjectConfigurationPlatforms) = postSolution
		{CD79BDE0-8FEF-4AF8-B754-1FA7A3CB8FCF}.Debug|Any CPU.ActiveCfg = Debug|Any CPU
		{CD79BDE0-8FEF-4AF8-B754-1FA7A3CB8FCF}.Debug|Any CPU.Build.0 = Debug|Any CPU
		{CD79BDE0-8FEF-4AF8-B754-1FA7A3CB8FCF}.Release|Any CPU.ActiveCfg = Release|Any CPU
		{CD79BDE0-8FEF-4AF8-B754-1FA7A3CB8FCF}.Release|Any CPU.Build.0 = Release|Any CPU
	EndGlobalSection
	GlobalSection(SolutionProperties) = preSolution
		HideSolutionNode = FALSE
	EndGlobalSection
EndGlobal
